
Microsoft Visual Studio Solution File, Format Version 12.00
# Visual Studio Version 17
VisualStudioVersion = 17.4.33213.308
MinimumVisualStudioVersion = 10.0.40219.1
Project("{FAE04EC0-301F-11D3-BF4B-00C04F79EFBC}") = "PL", "PL\PL.csproj", "{C9BEF7E3-6FC8-43D0-AAE7-6514FA8E0775}"
EndProject
Project("{FAE04EC0-301F-11D3-BF4B-00C04F79EFBC}") = "DL", "DL\DL.csproj", "{53085AB3-248F-48A7-9BB9-04D2314EA8AB}"
EndProject
Project("{FAE04EC0-301F-11D3-BF4B-00C04F79EFBC}") = "ML", "ML\ML.csproj", "{7CF08933-5D1C-477A-BCBB-896F1A5ED306}"
EndProject
Project("{FAE04EC0-301F-11D3-BF4B-00C04F79EFBC}") = "BL", "BL\BL.csproj", "{EFC7BD2A-2884-4B3E-9059-72D157CE4515}"
EndProject
Global
	GlobalSection(SolutionConfigurationPlatforms) = preSolution
		Debug|Any CPU = Debug|Any CPU
		Release|Any CPU = Release|Any CPU
	EndGlobalSection
	GlobalSection(ProjectConfigurationPlatforms) = postSolution
		{C9BEF7E3-6FC8-43D0-AAE7-6514FA8E0775}.Debug|Any CPU.ActiveCfg = Debug|Any CPU
		{C9BEF7E3-6FC8-43D0-AAE7-6514FA8E0775}.Debug|Any CPU.Build.0 = Debug|Any CPU
		{C9BEF7E3-6FC8-43D0-AAE7-6514FA8E0775}.Release|Any CPU.ActiveCfg = Release|Any CPU
		{C9BEF7E3-6FC8-43D0-AAE7-6514FA8E0775}.Release|Any CPU.Build.0 = Release|Any CPU
		{53085AB3-248F-48A7-9BB9-04D2314EA8AB}.Debug|Any CPU.ActiveCfg = Debug|Any CPU
		{53085AB3-248F-48A7-9BB9-04D2314EA8AB}.Debug|Any CPU.Build.0 = Debug|Any CPU
		{53085AB3-248F-48A7-9BB9-04D2314EA8AB}.Release|Any CPU.ActiveCfg = Release|Any CPU
		{53085AB3-248F-48A7-9BB9-04D2314EA8AB}.Release|Any CPU.Build.0 = Release|Any CPU
		{7CF08933-5D1C-477A-BCBB-896F1A5ED306}.Debug|Any CPU.ActiveCfg = Debug|Any CPU
		{7CF08933-5D1C-477A-BCBB-896F1A5ED306}.Debug|Any CPU.Build.0 = Debug|Any CPU
		{7CF08933-5D1C-477A-BCBB-896F1A5ED306}.Release|Any CPU.ActiveCfg = Release|Any CPU
		{7CF08933-5D1C-477A-BCBB-896F1A5ED306}.Release|Any CPU.Build.0 = Release|Any CPU
		{EFC7BD2A-2884-4B3E-9059-72D157CE4515}.Debug|Any CPU.ActiveCfg = Debug|Any CPU
		{EFC7BD2A-2884-4B3E-9059-72D157CE4515}.Debug|Any CPU.Build.0 = Debug|Any CPU
		{EFC7BD2A-2884-4B3E-9059-72D157CE4515}.Release|Any CPU.ActiveCfg = Release|Any CPU
		{EFC7BD2A-2884-4B3E-9059-72D157CE4515}.Release|Any CPU.Build.0 = Release|Any CPU
	EndGlobalSection
	GlobalSection(SolutionProperties) = preSolution
		HideSolutionNode = FALSE
	EndGlobalSection
	GlobalSection(ExtensibilityGlobals) = postSolution
		SolutionGuid = {CBD3F5C6-CB1B-4187-9327-416D11A70494}
	EndGlobalSection
EndGlobal
